
Microsoft Visual Studio Solution File, Format Version 12.00
# Visual Studio Version 17
VisualStudioVersion = 17.6.33801.468
MinimumVisualStudioVersion = 10.0.40219.1
Project("{FAE04EC0-301F-11D3-BF4B-00C04F79EFBC}") = "UI", "UI\UI.csproj", "{3DFDAB45-9173-45CD-8A93-204864AD6E3C}"
EndProject
Global
	GlobalSection(SolutionConfigurationPlatforms) = preSolution
		Debug|Any CPU = Debug|Any CPU
		Release|Any CPU = Release|Any CPU
	EndGlobalSection
	GlobalSection(ProjectConfigurationPlatforms) = postSolution
		{3DFDAB45-9173-45CD-8A93-204864AD6E3C}.Debug|Any CPU.ActiveCfg = Debug|Any CPU
		{3DFDAB45-9173-45CD-8A93-204864AD6E3C}.Debug|Any CPU.Build.0 = Debug|Any CPU
		{3DFDAB45-9173-45CD-8A93-204864AD6E3C}.Release|Any CPU.ActiveCfg = Release|Any CPU
		{3DFDAB45-9173-45CD-8A93-204864AD6E3C}.Release|Any CPU.Build.0 = Release|Any CPU
	EndGlobalSection
	GlobalSection(SolutionProperties) = preSolution
		HideSolutionNode = FALSE
	EndGlobalSection
	GlobalSection(ExtensibilityGlobals) = postSolution
		SolutionGuid = {0B45CC35-5FDE-47E7-8B30-4D2A1CE99C9A}
	EndGlobalSection
EndGlobal
